
Microsoft Visual Studio Solution File, Format Version 12.00
# Visual Studio Version 16
VisualStudioVersion = 16.0.808.0
MinimumVisualStudioVersion = 10.0.40219.1
Project("{FAE04EC0-301F-11D3-BF4B-00C04F79EFBC}") = "MyFirstConsoleApp", "MyFirstConsoleApp\MyFirstConsoleApp.csproj", "{6A18ED85-A99A-4519-8FB1-6C06C1CFA4DC}"
EndProject
Global
	GlobalSection(SolutionConfigurationPlatforms) = preSolution
		Debug|anycpu = Debug|anycpu
		Release|anycpu = Release|anycpu
	EndGlobalSection
	GlobalSection(ProjectConfigurationPlatforms) = postSolution
		{6A18ED85-A99A-4519-8FB1-6C06C1CFA4DC}.Debug|anycpu.ActiveCfg = Debug|anycpu
		{6A18ED85-A99A-4519-8FB1-6C06C1CFA4DC}.Debug|anycpu.Build.0 = Debug|anycpu
		{6A18ED85-A99A-4519-8FB1-6C06C1CFA4DC}.Release|anycpu.ActiveCfg = Release|anycpu
		{6A18ED85-A99A-4519-8FB1-6C06C1CFA4DC}.Release|anycpu.Build.0 = Release|anycpu
	EndGlobalSection
	GlobalSection(SolutionProperties) = preSolution
		HideSolutionNode = FALSE
	EndGlobalSection
	GlobalSection(ExtensibilityGlobals) = postSolution
		SolutionGuid = {BF8D4F26-6AB2-4C64-90DD-042574B500FD}
	EndGlobalSection
EndGlobal
